
Microsoft Visual Studio Solution File, Format Version 12.00
# Visual Studio Version 17
VisualStudioVersion = 17.0.31903.59
MinimumVisualStudioVersion = 10.0.40219.1
Project("{2150E333-8FDC-42A3-9474-1A3956D46DE8}") = "00 Build", "00 Build", "{874BAE6E-31F0-E4C3-FED9-FD4525F31D81}"
EndProject
Project("{FAE04EC0-301F-11D3-BF4B-00C04F79EFBC}") = "_build", "..\build\_build.csproj", "{3458F5AD-4AF5-4ACE-857B-8E6C57597761}"
EndProject
Project("{2150E333-8FDC-42A3-9474-1A3956D46DE8}") = "01 Core", "01 Core", "{B586BD14-8161-64EF-66F4-277DE2992EF5}"
EndProject
Project("{FAE04EC0-301F-11D3-BF4B-00C04F79EFBC}") = "NSwag.Core", "NSwag.Core\NSwag.Core.csproj", "{304C0BE6-18FC-4E82-A7C4-4DA26808A500}"
EndProject
Project("{FAE04EC0-301F-11D3-BF4B-00C04F79EFBC}") = "NSwag.Core.Tests", "NSwag.Core.Tests\NSwag.Core.Tests.csproj", "{D207F278-6397-4863-AF2B-609E0E4919EF}"
EndProject
Project("{FAE04EC0-301F-11D3-BF4B-00C04F79EFBC}") = "NSwag.Core.Yaml", "NSwag.Core.Yaml\NSwag.Core.Yaml.csproj", "{508122D1-2438-43FC-9DD2-9285B573E2DF}"
EndProject
Project("{2150E333-8FDC-42A3-9474-1A3956D46DE8}") = "02 Generation", "02 Generation", "{95A10FE7-5062-ED37-0AB3-54662F8FA34D}"
EndProject
Project("{FAE04EC0-301F-11D3-BF4B-00C04F79EFBC}") = "NSwag.Generation", "NSwag.Generation\NSwag.Generation.csproj", "{B187875E-AAE0-4F64-82B4-BAAE9EE71736}"
EndProject
Project("{FAE04EC0-301F-11D3-BF4B-00C04F79EFBC}") = "NSwag.Generation.WebApi", "NSwag.Generation.WebApi\NSwag.Generation.WebApi.csproj", "{C3956DE7-7D0E-4B02-9654-12C75583DD8C}"
EndProject
Project("{2150E333-8FDC-42A3-9474-1A3956D46DE8}") = "03 CodeGeneration", "03 CodeGeneration", "{1A909BDF-EF1B-E467-2E92-CF5739DF1CF6}"
EndProject
Project("{FAE04EC0-301F-11D3-BF4B-00C04F79EFBC}") = "NSwag.CodeGeneration.CSharp.Tests", "NSwag.CodeGeneration.CSharp.Tests\NSwag.CodeGeneration.CSharp.Tests.csproj", "{FC5D860D-EDFA-4B69-AAAB-83C43BF59FD0}"
EndProject
Project("{FAE04EC0-301F-11D3-BF4B-00C04F79EFBC}") = "NSwag.CodeGeneration.CSharp", "NSwag.CodeGeneration.CSharp\NSwag.CodeGeneration.CSharp.csproj", "{14ACD7A7-9A78-4C4E-B1E2-8E91B8EEA704}"
EndProject
Project("{FAE04EC0-301F-11D3-BF4B-00C04F79EFBC}") = "NSwag.CodeGeneration", "NSwag.CodeGeneration\NSwag.CodeGeneration.csproj", "{E6568017-EA80-4911-9EE9-96F12659EF43}"
EndProject
Project("{FAE04EC0-301F-11D3-BF4B-00C04F79EFBC}") = "NSwag.CodeGeneration.Tests", "NSwag.CodeGeneration.Tests\NSwag.CodeGeneration.Tests.csproj", "{4776B96D-D427-480C-83A0-BC8E030137D4}"
EndProject
Project("{FAE04EC0-301F-11D3-BF4B-00C04F79EFBC}") = "NSwag.CodeGeneration.TypeScript", "NSwag.CodeGeneration.TypeScript\NSwag.CodeGeneration.TypeScript.csproj", "{5D088F8B-5A4B-4736-AFEF-9BB00BEB3B4E}"
EndProject
Project("{FAE04EC0-301F-11D3-BF4B-00C04F79EFBC}") = "NSwag.CodeGeneration.TypeScript.Tests", "NSwag.CodeGeneration.TypeScript.Tests\NSwag.CodeGeneration.TypeScript.Tests.csproj", "{A1CA465D-009E-470E-B114-9E29C452E88A}"
EndProject
Global
	GlobalSection(SolutionConfigurationPlatforms) = preSolution
		Debug|Any CPU = Debug|Any CPU
		Debug|x64 = Debug|x64
		Debug|x86 = Debug|x86
		Release|Any CPU = Release|Any CPU
		Release|x64 = Release|x64
		Release|x86 = Release|x86
	EndGlobalSection
	GlobalSection(ProjectConfigurationPlatforms) = postSolution
		{3458F5AD-4AF5-4ACE-857B-8E6C57597761}.Debug|Any CPU.ActiveCfg = Debug|Any CPU
		{3458F5AD-4AF5-4ACE-857B-8E6C57597761}.Debug|Any CPU.Build.0 = Debug|Any CPU
		{3458F5AD-4AF5-4ACE-857B-8E6C57597761}.Debug|x64.ActiveCfg = Debug|Any CPU
		{3458F5AD-4AF5-4ACE-857B-8E6C57597761}.Debug|x64.Build.0 = Debug|Any CPU
		{3458F5AD-4AF5-4ACE-857B-8E6C57597761}.Debug|x86.ActiveCfg = Debug|Any CPU
		{3458F5AD-4AF5-4ACE-857B-8E6C57597761}.Debug|x86.Build.0 = Debug|Any CPU
		{3458F5AD-4AF5-4ACE-857B-8E6C57597761}.Release|Any CPU.ActiveCfg = Release|Any CPU
		{3458F5AD-4AF5-4ACE-857B-8E6C57597761}.Release|Any CPU.Build.0 = Release|Any CPU
		{3458F5AD-4AF5-4ACE-857B-8E6C57597761}.Release|x64.ActiveCfg = Release|Any CPU
		{3458F5AD-4AF5-4ACE-857B-8E6C57597761}.Release|x64.Build.0 = Release|Any CPU
		{3458F5AD-4AF5-4ACE-857B-8E6C57597761}.Release|x86.ActiveCfg = Release|Any CPU
		{3458F5AD-4AF5-4ACE-857B-8E6C57597761}.Release|x86.Build.0 = Release|Any CPU
		{304C0BE6-18FC-4E82-A7C4-4DA26808A500}.Debug|Any CPU.ActiveCfg = Debug|Any CPU
		{304C0BE6-18FC-4E82-A7C4-4DA26808A500}.Debug|Any CPU.Build.0 = Debug|Any CPU
		{304C0BE6-18FC-4E82-A7C4-4DA26808A500}.Debug|x64.ActiveCfg = Debug|Any CPU
		{304C0BE6-18FC-4E82-A7C4-4DA26808A500}.Debug|x64.Build.0 = Debug|Any CPU
		{304C0BE6-18FC-4E82-A7C4-4DA26808A500}.Debug|x86.ActiveCfg = Debug|Any CPU
		{304C0BE6-18FC-4E82-A7C4-4DA26808A500}.Debug|x86.Build.0 = Debug|Any CPU
		{304C0BE6-18FC-4E82-A7C4-4DA26808A500}.Release|Any CPU.ActiveCfg = Release|Any CPU
		{304C0BE6-18FC-4E82-A7C4-4DA26808A500}.Release|Any CPU.Build.0 = Release|Any CPU
		{304C0BE6-18FC-4E82-A7C4-4DA26808A500}.Release|x64.ActiveCfg = Release|Any CPU
		{304C0BE6-18FC-4E82-A7C4-4DA26808A500}.Release|x64.Build.0 = Release|Any CPU
		{304C0BE6-18FC-4E82-A7C4-4DA26808A500}.Release|x86.ActiveCfg = Release|Any CPU
		{304C0BE6-18FC-4E82-A7C4-4DA26808A500}.Release|x86.Build.0 = Release|Any CPU
		{D207F278-6397-4863-AF2B-609E0E4919EF}.Debug|Any CPU.ActiveCfg = Debug|Any CPU
		{D207F278-6397-4863-AF2B-609E0E4919EF}.Debug|Any CPU.Build.0 = Debug|Any CPU
		{D207F278-6397-4863-AF2B-609E0E4919EF}.Debug|x64.ActiveCfg = Debug|Any CPU
		{D207F278-6397-4863-AF2B-609E0E4919EF}.Debug|x64.Build.0 = Debug|Any CPU
		{D207F278-6397-4863-AF2B-609E0E4919EF}.Debug|x86.ActiveCfg = Debug|Any CPU
		{D207F278-6397-4863-AF2B-609E0E4919EF}.Debug|x86.Build.0 = Debug|Any CPU
		{D207F278-6397-4863-AF2B-609E0E4919EF}.Release|Any CPU.ActiveCfg = Release|Any CPU
		{D207F278-6397-4863-AF2B-609E0E4919EF}.Release|Any CPU.Build.0 = Release|Any CPU
		{D207F278-6397-4863-AF2B-609E0E4919EF}.Release|x64.ActiveCfg = Release|Any CPU
		{D207F278-6397-4863-AF2B-609E0E4919EF}.Release|x64.Build.0 = Release|Any CPU
		{D207F278-6397-4863-AF2B-609E0E4919EF}.Release|x86.ActiveCfg = Release|Any CPU
		{D207F278-6397-4863-AF2B-609E0E4919EF}.Release|x86.Build.0 = Release|Any CPU
		{508122D1-2438-43FC-9DD2-9285B573E2DF}.Debug|Any CPU.ActiveCfg = Debug|Any CPU
		{508122D1-2438-43FC-9DD2-9285B573E2DF}.Debug|Any CPU.Build.0 = Debug|Any CPU
		{508122D1-2438-43FC-9DD2-9285B573E2DF}.Debug|x64.ActiveCfg = Debug|Any CPU
		{508122D1-2438-43FC-9DD2-9285B573E2DF}.Debug|x64.Build.0 = Debug|Any CPU
		{508122D1-2438-43FC-9DD2-9285B573E2DF}.Debug|x86.ActiveCfg = Debug|Any CPU
		{508122D1-2438-43FC-9DD2-9285B573E2DF}.Debug|x86.Build.0 = Debug|Any CPU
		{508122D1-2438-43FC-9DD2-9285B573E2DF}.Release|Any CPU.ActiveCfg = Release|Any CPU
		{508122D1-2438-43FC-9DD2-9285B573E2DF}.Release|Any CPU.Build.0 = Release|Any CPU
		{508122D1-2438-43FC-9DD2-9285B573E2DF}.Release|x64.ActiveCfg = Release|Any CPU
		{508122D1-2438-43FC-9DD2-9285B573E2DF}.Release|x64.Build.0 = Release|Any CPU
		{508122D1-2438-43FC-9DD2-9285B573E2DF}.Release|x86.ActiveCfg = Release|Any CPU
		{508122D1-2438-43FC-9DD2-9285B573E2DF}.Release|x86.Build.0 = Release|Any CPU
		{B187875E-AAE0-4F64-82B4-BAAE9EE71736}.Debug|Any CPU.ActiveCfg = Debug|Any CPU
		{B187875E-AAE0-4F64-82B4-BAAE9EE71736}.Debug|Any CPU.Build.0 = Debug|Any CPU
		{B187875E-AAE0-4F64-82B4-BAAE9EE71736}.Debug|x64.ActiveCfg = Debug|Any CPU
		{B187875E-AAE0-4F64-82B4-BAAE9EE71736}.Debug|x64.Build.0 = Debug|Any CPU
		{B187875E-AAE0-4F64-82B4-BAAE9EE71736}.Debug|x86.ActiveCfg = Debug|Any CPU
		{B187875E-AAE0-4F64-82B4-BAAE9EE71736}.Debug|x86.Build.0 = Debug|Any CPU
		{B187875E-AAE0-4F64-82B4-BAAE9EE71736}.Release|Any CPU.ActiveCfg = Release|Any CPU
		{B187875E-AAE0-4F64-82B4-BAAE9EE71736}.Release|Any CPU.Build.0 = Release|Any CPU
		{B187875E-AAE0-4F64-82B4-BAAE9EE71736}.Release|x64.ActiveCfg = Release|Any CPU
		{B187875E-AAE0-4F64-82B4-BAAE9EE71736}.Release|x64.Build.0 = Release|Any CPU
		{B187875E-AAE0-4F64-82B4-BAAE9EE71736}.Release|x86.ActiveCfg = Release|Any CPU
		{B187875E-AAE0-4F64-82B4-BAAE9EE71736}.Release|x86.Build.0 = Release|Any CPU
		{C3956DE7-7D0E-4B02-9654-12C75583DD8C}.Debug|Any CPU.ActiveCfg = Debug|Any CPU
		{C3956DE7-7D0E-4B02-9654-12C75583DD8C}.Debug|Any CPU.Build.0 = Debug|Any CPU
		{C3956DE7-7D0E-4B02-9654-12C75583DD8C}.Debug|x64.ActiveCfg = Debug|Any CPU
		{C3956DE7-7D0E-4B02-9654-12C75583DD8C}.Debug|x64.Build.0 = Debug|Any CPU
		{C3956DE7-7D0E-4B02-9654-12C75583DD8C}.Debug|x86.ActiveCfg = Debug|Any CPU
		{C3956DE7-7D0E-4B02-9654-12C75583DD8C}.Debug|x86.Build.0 = Debug|Any CPU
		{C3956DE7-7D0E-4B02-9654-12C75583DD8C}.Release|Any CPU.ActiveCfg = Release|Any CPU
		{C3956DE7-7D0E-4B02-9654-12C75583DD8C}.Release|Any CPU.Build.0 = Release|Any CPU
		{C3956DE7-7D0E-4B02-9654-12C75583DD8C}.Release|x64.ActiveCfg = Release|Any CPU
		{C3956DE7-7D0E-4B02-9654-12C75583DD8C}.Release|x64.Build.0 = Release|Any CPU
		{C3956DE7-7D0E-4B02-9654-12C75583DD8C}.Release|x86.ActiveCfg = Release|Any CPU
		{C3956DE7-7D0E-4B02-9654-12C75583DD8C}.Release|x86.Build.0 = Release|Any CPU
		{FC5D860D-EDFA-4B69-AAAB-83C43BF59FD0}.Debug|Any CPU.ActiveCfg = Debug|Any CPU
		{FC5D860D-EDFA-4B69-AAAB-83C43BF59FD0}.Debug|Any CPU.Build.0 = Debug|Any CPU
		{FC5D860D-EDFA-4B69-AAAB-83C43BF59FD0}.Debug|x64.ActiveCfg = Debug|Any CPU
		{FC5D860D-EDFA-4B69-AAAB-83C43BF59FD0}.Debug|x64.Build.0 = Debug|Any CPU
		{FC5D860D-EDFA-4B69-AAAB-83C43BF59FD0}.Debug|x86.ActiveCfg = Debug|Any CPU
		{FC5D860D-EDFA-4B69-AAAB-83C43BF59FD0}.Debug|x86.Build.0 = Debug|Any CPU
		{FC5D860D-EDFA-4B69-AAAB-83C43BF59FD0}.Release|Any CPU.ActiveCfg = Release|Any CPU
		{FC5D860D-EDFA-4B69-AAAB-83C43BF59FD0}.Release|Any CPU.Build.0 = Release|Any CPU
		{FC5D860D-EDFA-4B69-AAAB-83C43BF59FD0}.Release|x64.ActiveCfg = Release|Any CPU
		{FC5D860D-EDFA-4B69-AAAB-83C43BF59FD0}.Release|x64.Build.0 = Release|Any CPU
		{FC5D860D-EDFA-4B69-AAAB-83C43BF59FD0}.Release|x86.ActiveCfg = Release|Any CPU
		{FC5D860D-EDFA-4B69-AAAB-83C43BF59FD0}.Release|x86.Build.0 = Release|Any CPU
		{14ACD7A7-9A78-4C4E-B1E2-8E91B8EEA704}.Debug|Any CPU.ActiveCfg = Debug|Any CPU
		{14ACD7A7-9A78-4C4E-B1E2-8E91B8EEA704}.Debug|Any CPU.Build.0 = Debug|Any CPU
		{14ACD7A7-9A78-4C4E-B1E2-8E91B8EEA704}.Debug|x64.ActiveCfg = Debug|Any CPU
		{14ACD7A7-9A78-4C4E-B1E2-8E91B8EEA704}.Debug|x64.Build.0 = Debug|Any CPU
		{14ACD7A7-9A78-4C4E-B1E2-8E91B8EEA704}.Debug|x86.ActiveCfg = Debug|Any CPU
		{14ACD7A7-9A78-4C4E-B1E2-8E91B8EEA704}.Debug|x86.Build.0 = Debug|Any CPU
		{14ACD7A7-9A78-4C4E-B1E2-8E91B8EEA704}.Release|Any CPU.ActiveCfg = Release|Any CPU
		{14ACD7A7-9A78-4C4E-B1E2-8E91B8EEA704}.Release|Any CPU.Build.0 = Release|Any CPU
		{14ACD7A7-9A78-4C4E-B1E2-8E91B8EEA704}.Release|x64.ActiveCfg = Release|Any CPU
		{14ACD7A7-9A78-4C4E-B1E2-8E91B8EEA704}.Release|x64.Build.0 = Release|Any CPU
		{14ACD7A7-9A78-4C4E-B1E2-8E91B8EEA704}.Release|x86.ActiveCfg = Release|Any CPU
		{14ACD7A7-9A78-4C4E-B1E2-8E91B8EEA704}.Release|x86.Build.0 = Release|Any CPU
		{E6568017-EA80-4911-9EE9-96F12659EF43}.Debug|Any CPU.ActiveCfg = Debug|Any CPU
		{E6568017-EA80-4911-9EE9-96F12659EF43}.Debug|Any CPU.Build.0 = Debug|Any CPU
		{E6568017-EA80-4911-9EE9-96F12659EF43}.Debug|x64.ActiveCfg = Debug|Any CPU
		{E6568017-EA80-4911-9EE9-96F12659EF43}.Debug|x64.Build.0 = Debug|Any CPU
		{E6568017-EA80-4911-9EE9-96F12659EF43}.Debug|x86.ActiveCfg = Debug|Any CPU
		{E6568017-EA80-4911-9EE9-96F12659EF43}.Debug|x86.Build.0 = Debug|Any CPU
		{E6568017-EA80-4911-9EE9-96F12659EF43}.Release|Any CPU.ActiveCfg = Release|Any CPU
		{E6568017-EA80-4911-9EE9-96F12659EF43}.Release|Any CPU.Build.0 = Release|Any CPU
		{E6568017-EA80-4911-9EE9-96F12659EF43}.Release|x64.ActiveCfg = Release|Any CPU
		{E6568017-EA80-4911-9EE9-96F12659EF43}.Release|x64.Build.0 = Release|Any CPU
		{E6568017-EA80-4911-9EE9-96F12659EF43}.Release|x86.ActiveCfg = Release|Any CPU
		{E6568017-EA80-4911-9EE9-96F12659EF43}.Release|x86.Build.0 = Release|Any CPU
		{4776B96D-D427-480C-83A0-BC8E030137D4}.Debug|Any CPU.ActiveCfg = Debug|Any CPU
		{4776B96D-D427-480C-83A0-BC8E030137D4}.Debug|Any CPU.Build.0 = Debug|Any CPU
		{4776B96D-D427-480C-83A0-BC8E030137D4}.Debug|x64.ActiveCfg = Debug|Any CPU
		{4776B96D-D427-480C-83A0-BC8E030137D4}.Debug|x64.Build.0 = Debug|Any CPU
		{4776B96D-D427-480C-83A0-BC8E030137D4}.Debug|x86.ActiveCfg = Debug|Any CPU
		{4776B96D-D427-480C-83A0-BC8E030137D4}.Debug|x86.Build.0 = Debug|Any CPU
		{4776B96D-D427-480C-83A0-BC8E030137D4}.Release|Any CPU.ActiveCfg = Release|Any CPU
		{4776B96D-D427-480C-83A0-BC8E030137D4}.Release|Any CPU.Build.0 = Release|Any CPU
		{4776B96D-D427-480C-83A0-BC8E030137D4}.Release|x64.ActiveCfg = Release|Any CPU
		{4776B96D-D427-480C-83A0-BC8E030137D4}.Release|x64.Build.0 = Release|Any CPU
		{4776B96D-D427-480C-83A0-BC8E030137D4}.Release|x86.ActiveCfg = Release|Any CPU
		{4776B96D-D427-480C-83A0-BC8E030137D4}.Release|x86.Build.0 = Release|Any CPU
		{5D088F8B-5A4B-4736-AFEF-9BB00BEB3B4E}.Debug|Any CPU.ActiveCfg = Debug|Any CPU
		{5D088F8B-5A4B-4736-AFEF-9BB00BEB3B4E}.Debug|Any CPU.Build.0 = Debug|Any CPU
		{5D088F8B-5A4B-4736-AFEF-9BB00BEB3B4E}.Debug|x64.ActiveCfg = Debug|Any CPU
		{5D088F8B-5A4B-4736-AFEF-9BB00BEB3B4E}.Debug|x64.Build.0 = Debug|Any CPU
		{5D088F8B-5A4B-4736-AFEF-9BB00BEB3B4E}.Debug|x86.ActiveCfg = Debug|Any CPU
		{5D088F8B-5A4B-4736-AFEF-9BB00BEB3B4E}.Debug|x86.Build.0 = Debug|Any CPU
		{5D088F8B-5A4B-4736-AFEF-9BB00BEB3B4E}.Release|Any CPU.ActiveCfg = Release|Any CPU
		{5D088F8B-5A4B-4736-AFEF-9BB00BEB3B4E}.Release|Any CPU.Build.0 = Release|Any CPU
		{5D088F8B-5A4B-4736-AFEF-9BB00BEB3B4E}.Release|x64.ActiveCfg = Release|Any CPU
		{5D088F8B-5A4B-4736-AFEF-9BB00BEB3B4E}.Release|x64.Build.0 = Release|Any CPU
		{5D088F8B-5A4B-4736-AFEF-9BB00BEB3B4E}.Release|x86.ActiveCfg = Release|Any CPU
		{5D088F8B-5A4B-4736-AFEF-9BB00BEB3B4E}.Release|x86.Build.0 = Release|Any CPU
		{A1CA465D-009E-470E-B114-9E29C452E88A}.Debug|Any CPU.ActiveCfg = Debug|Any CPU
		{A1CA465D-009E-470E-B114-9E29C452E88A}.Debug|Any CPU.Build.0 = Debug|Any CPU
		{A1CA465D-009E-470E-B114-9E29C452E88A}.Debug|x64.ActiveCfg = Debug|Any CPU
		{A1CA465D-009E-470E-B114-9E29C452E88A}.Debug|x64.Build.0 = Debug|Any CPU
		{A1CA465D-009E-470E-B114-9E29C452E88A}.Debug|x86.ActiveCfg = Debug|Any CPU
		{A1CA465D-009E-470E-B114-9E29C452E88A}.Debug|x86.Build.0 = Debug|Any CPU
		{A1CA465D-009E-470E-B114-9E29C452E88A}.Release|Any CPU.ActiveCfg = Release|Any CPU
		{A1CA465D-009E-470E-B114-9E29C452E88A}.Release|Any CPU.Build.0 = Release|Any CPU
		{A1CA465D-009E-470E-B114-9E29C452E88A}.Release|x64.ActiveCfg = Release|Any CPU
		{A1CA465D-009E-470E-B114-9E29C452E88A}.Release|x64.Build.0 = Release|Any CPU
		{A1CA465D-009E-470E-B114-9E29C452E88A}.Release|x86.ActiveCfg = Release|Any CPU
		{A1CA465D-009E-470E-B114-9E29C452E88A}.Release|x86.Build.0 = Release|Any CPU
	EndGlobalSection
	GlobalSection(SolutionProperties) = preSolution
		HideSolutionNode = FALSE
	EndGlobalSection
	GlobalSection(NestedProjects) = preSolution
		{3458F5AD-4AF5-4ACE-857B-8E6C57597761} = {874BAE6E-31F0-E4C3-FED9-FD4525F31D81}
		{304C0BE6-18FC-4E82-A7C4-4DA26808A500} = {B586BD14-8161-64EF-66F4-277DE2992EF5}
		{D207F278-6397-4863-AF2B-609E0E4919EF} = {B586BD14-8161-64EF-66F4-277DE2992EF5}
		{508122D1-2438-43FC-9DD2-9285B573E2DF} = {B586BD14-8161-64EF-66F4-277DE2992EF5}
		{B187875E-AAE0-4F64-82B4-BAAE9EE71736} = {95A10FE7-5062-ED37-0AB3-54662F8FA34D}
		{C3956DE7-7D0E-4B02-9654-12C75583DD8C} = {95A10FE7-5062-ED37-0AB3-54662F8FA34D}
		{FC5D860D-EDFA-4B69-AAAB-83C43BF59FD0} = {1A909BDF-EF1B-E467-2E92-CF5739DF1CF6}
		{14ACD7A7-9A78-4C4E-B1E2-8E91B8EEA704} = {1A909BDF-EF1B-E467-2E92-CF5739DF1CF6}
		{E6568017-EA80-4911-9EE9-96F12659EF43} = {1A909BDF-EF1B-E467-2E92-CF5739DF1CF6}
		{4776B96D-D427-480C-83A0-BC8E030137D4} = {1A909BDF-EF1B-E467-2E92-CF5739DF1CF6}
		{5D088F8B-5A4B-4736-AFEF-9BB00BEB3B4E} = {1A909BDF-EF1B-E467-2E92-CF5739DF1CF6}
		{A1CA465D-009E-470E-B114-9E29C452E88A} = {1A909BDF-EF1B-E467-2E92-CF5739DF1CF6}
	EndGlobalSection
EndGlobal
